
Microsoft Visual Studio Solution File, Format Version 12.00
# Visual Studio Version 17
VisualStudioVersion = 17.5.33414.496
MinimumVisualStudioVersion = 10.0.40219.1
Project("{FAE04EC0-301F-11D3-BF4B-00C04F79EFBC}") = "24.1", "24.1\24.1.csproj", "{3561C6E4-5B72-4728-B4DF-B3566780DB66}"
EndProject
Global
	GlobalSection(SolutionConfigurationPlatforms) = preSolution
		Debug|Any CPU = Debug|Any CPU
		Release|Any CPU = Release|Any CPU
	EndGlobalSection
	GlobalSection(ProjectConfigurationPlatforms) = postSolution
		{3561C6E4-5B72-4728-B4DF-B3566780DB66}.Debug|Any CPU.ActiveCfg = Debug|Any CPU
		{3561C6E4-5B72-4728-B4DF-B3566780DB66}.Debug|Any CPU.Build.0 = Debug|Any CPU
		{3561C6E4-5B72-4728-B4DF-B3566780DB66}.Release|Any CPU.ActiveCfg = Release|Any CPU
		{3561C6E4-5B72-4728-B4DF-B3566780DB66}.Release|Any CPU.Build.0 = Release|Any CPU
	EndGlobalSection
	GlobalSection(SolutionProperties) = preSolution
		HideSolutionNode = FALSE
	EndGlobalSection
	GlobalSection(ExtensibilityGlobals) = postSolution
		SolutionGuid = {FB02FEAD-20A4-40C3-B0C7-FEEF894AA3A7}
	EndGlobalSection
EndGlobal
